
Microsoft Visual Studio Solution File, Format Version 12.00
# Visual Studio Version 17
VisualStudioVersion = 17.10.35013.160
MinimumVisualStudioVersion = 10.0.40219.1
Project("{FAE04EC0-301F-11D3-BF4B-00C04F79EFBC}") = "WebListTask", "WebListTask.csproj", "{95BA67E0-DE54-4B20-8083-66C9DF8EE8EC}"
EndProject
Global
	GlobalSection(SolutionConfigurationPlatforms) = preSolution
		Debug|Any CPU = Debug|Any CPU
		Release|Any CPU = Release|Any CPU
	EndGlobalSection
	GlobalSection(ProjectConfigurationPlatforms) = postSolution
		{95BA67E0-DE54-4B20-8083-66C9DF8EE8EC}.Debug|Any CPU.ActiveCfg = Debug|Any CPU
		{95BA67E0-DE54-4B20-8083-66C9DF8EE8EC}.Debug|Any CPU.Build.0 = Debug|Any CPU
		{95BA67E0-DE54-4B20-8083-66C9DF8EE8EC}.Release|Any CPU.ActiveCfg = Release|Any CPU
		{95BA67E0-DE54-4B20-8083-66C9DF8EE8EC}.Release|Any CPU.Build.0 = Release|Any CPU
	EndGlobalSection
	GlobalSection(SolutionProperties) = preSolution
		HideSolutionNode = FALSE
	EndGlobalSection
	GlobalSection(ExtensibilityGlobals) = postSolution
		SolutionGuid = {AF2BF9E7-ABDD-4229-A4E9-B3F440CB44BF}
	EndGlobalSection
EndGlobal
